
Microsoft Visual Studio Solution File, Format Version 12.00
# Visual Studio Version 16
VisualStudioVersion = 16.0.31019.35
MinimumVisualStudioVersion = 10.0.40219.1
Project("{FAE04EC0-301F-11D3-BF4B-00C04F79EFBC}") = "Tic-Tac-Toe", "Tic-Tac-Toe.csproj", "{5387603C-EAED-467E-B805-3A4E610E383C}"
EndProject
Global
	GlobalSection(SolutionConfigurationPlatforms) = preSolution
		Debug|Any CPU = Debug|Any CPU
		Release|Any CPU = Release|Any CPU
	EndGlobalSection
	GlobalSection(ProjectConfigurationPlatforms) = postSolution
		{5387603C-EAED-467E-B805-3A4E610E383C}.Debug|Any CPU.ActiveCfg = Debug|Any CPU
		{5387603C-EAED-467E-B805-3A4E610E383C}.Debug|Any CPU.Build.0 = Debug|Any CPU
		{5387603C-EAED-467E-B805-3A4E610E383C}.Release|Any CPU.ActiveCfg = Release|Any CPU
		{5387603C-EAED-467E-B805-3A4E610E383C}.Release|Any CPU.Build.0 = Release|Any CPU
	EndGlobalSection
	GlobalSection(SolutionProperties) = preSolution
		HideSolutionNode = FALSE
	EndGlobalSection
	GlobalSection(ExtensibilityGlobals) = postSolution
		SolutionGuid = {6039627D-89C0-48D2-BB45-C80E2FD6F34D}
	EndGlobalSection
EndGlobal
